# THIS IS AN AUTOGENERATED FILE. DO NOT EDIT THIS FILE DIRECTLY.
# yarn lockfile v1


"bs-bastet@https://github.com/elcr/bastet.git":
  version "1.2.5"
  resolved "https://github.com/elcr/bastet.git#918b3f78b97c871302dd2be685bf527af9424b85"
  dependencies:
    bs-stdlib-shims "^0.1.0"

bs-platform@^7.3.2:
  version "7.3.2"
  resolved "https://registry.yarnpkg.com/bs-platform/-/bs-platform-7.3.2.tgz#301f5c9b4e8cf5713cb60ca22e145e56e793affe"
  integrity sha512-seJL5g4anK9la4erv+B2o2sMHQCxDF6OCRl9en3hbaUos/S3JsusQ0sPp4ORsbx5eXfHLYBwPljwKXlgpXtsgQ==

bs-stdlib-shims@^0.1.0:
  version "0.1.0"
  resolved "https://registry.yarnpkg.com/bs-stdlib-shims/-/bs-stdlib-shims-0.1.0.tgz#f64166392652a07c37b9be462beebb6c0c66a74e"
  integrity sha512-CszWow8iXOKgmzNCc5dR3kERaqzIp3f4nbV7lJF5vS9BHm70GqLlu7OBE/VCPKZ5noG1VtJAIVqIdLFqUdIRUQ==

"node-stream-bs@https://github.com/elcr/node-stream-bs.git":
  version "0.1.0"
  resolved "https://github.com/elcr/node-stream-bs.git#1c1d52ac15c9f07b33a9b57bb41ea506348ea570"

"relude@https://github.com/elcr/relude.git":
  version "0.63.1"
  resolved "https://github.com/elcr/relude.git#dba0870b482522fff8f23d6655bfd6cc155903f1"
